
Microsoft Visual Studio Solution File, Format Version 12.00
# Visual Studio Version 16
VisualStudioVersion = 16.0.34601.136
MinimumVisualStudioVersion = 10.0.40219.1
Project("{FAE04EC0-301F-11D3-BF4B-00C04F79EFBC}") = "Lab05.1", "Lab05.1\Lab05.1.csproj", "{33B54923-B964-4A23-B79F-18FC44D78187}"
EndProject
Global
	GlobalSection(SolutionConfigurationPlatforms) = preSolution
		Debug|Any CPU = Debug|Any CPU
		Release|Any CPU = Release|Any CPU
	EndGlobalSection
	GlobalSection(ProjectConfigurationPlatforms) = postSolution
		{33B54923-B964-4A23-B79F-18FC44D78187}.Debug|Any CPU.ActiveCfg = Debug|Any CPU
		{33B54923-B964-4A23-B79F-18FC44D78187}.Debug|Any CPU.Build.0 = Debug|Any CPU
		{33B54923-B964-4A23-B79F-18FC44D78187}.Release|Any CPU.ActiveCfg = Release|Any CPU
		{33B54923-B964-4A23-B79F-18FC44D78187}.Release|Any CPU.Build.0 = Release|Any CPU
	EndGlobalSection
	GlobalSection(SolutionProperties) = preSolution
		HideSolutionNode = FALSE
	EndGlobalSection
	GlobalSection(ExtensibilityGlobals) = postSolution
		SolutionGuid = {268FB1EE-CF72-4BAA-9318-70B297BCD29B}
	EndGlobalSection
EndGlobal
