
Microsoft Visual Studio Solution File, Format Version 12.00
# Visual Studio Version 16
VisualStudioVersion = 16.0.34601.136
MinimumVisualStudioVersion = 10.0.40219.1
Project("{FAE04EC0-301F-11D3-BF4B-00C04F79EFBC}") = "LTQ_lesson06", "LTQ_lesson06\LTQ_lesson06.csproj", "{1B507C90-FE0F-45DB-AE05-8FB7D3472A28}"
EndProject
Global
	GlobalSection(SolutionConfigurationPlatforms) = preSolution
		Debug|Any CPU = Debug|Any CPU
		Release|Any CPU = Release|Any CPU
	EndGlobalSection
	GlobalSection(ProjectConfigurationPlatforms) = postSolution
		{1B507C90-FE0F-45DB-AE05-8FB7D3472A28}.Debug|Any CPU.ActiveCfg = Debug|Any CPU
		{1B507C90-FE0F-45DB-AE05-8FB7D3472A28}.Debug|Any CPU.Build.0 = Debug|Any CPU
		{1B507C90-FE0F-45DB-AE05-8FB7D3472A28}.Release|Any CPU.ActiveCfg = Release|Any CPU
		{1B507C90-FE0F-45DB-AE05-8FB7D3472A28}.Release|Any CPU.Build.0 = Release|Any CPU
	EndGlobalSection
	GlobalSection(SolutionProperties) = preSolution
		HideSolutionNode = FALSE
	EndGlobalSection
	GlobalSection(ExtensibilityGlobals) = postSolution
		SolutionGuid = {CE45173E-6567-4488-B178-77E358937A48}
	EndGlobalSection
EndGlobal
