
Microsoft Visual Studio Solution File, Format Version 12.00
# Visual Studio Version 16
VisualStudioVersion = 16.0.34601.136
MinimumVisualStudioVersion = 10.0.40219.1
Project("{FAE04EC0-301F-11D3-BF4B-00C04F79EFBC}") = "LTQBai3.1", "LTQBai3.1\LTQBai3.1.csproj", "{51B2EF58-09ED-42C3-8D51-92B2D432B482}"
EndProject
Global
	GlobalSection(SolutionConfigurationPlatforms) = preSolution
		Debug|Any CPU = Debug|Any CPU
		Release|Any CPU = Release|Any CPU
	EndGlobalSection
	GlobalSection(ProjectConfigurationPlatforms) = postSolution
		{51B2EF58-09ED-42C3-8D51-92B2D432B482}.Debug|Any CPU.ActiveCfg = Debug|Any CPU
		{51B2EF58-09ED-42C3-8D51-92B2D432B482}.Debug|Any CPU.Build.0 = Debug|Any CPU
		{51B2EF58-09ED-42C3-8D51-92B2D432B482}.Release|Any CPU.ActiveCfg = Release|Any CPU
		{51B2EF58-09ED-42C3-8D51-92B2D432B482}.Release|Any CPU.Build.0 = Release|Any CPU
	EndGlobalSection
	GlobalSection(SolutionProperties) = preSolution
		HideSolutionNode = FALSE
	EndGlobalSection
	GlobalSection(ExtensibilityGlobals) = postSolution
		SolutionGuid = {2A2990CD-91F7-4175-8C90-08C61A3B9DEB}
	EndGlobalSection
EndGlobal
